// !$*UTF8*$!
{
	archiveVersion = 1;
	classes = {
	};
	objectVersion = 46;
	objects = {

/* Begin PBXBuildFile section */
		BDAF14411D0A4C9F00BB4B05 /* main.m in Sources */ = {isa = PBXBuildFile; fileRef = BDAF14401D0A4C9F00BB4B05 /* main.m */; };
		BDAF14441D0A4C9F00BB4B05 /* AppDelegate.m in Sources */ = {isa = PBXBuildFile; fileRef = BDAF14431D0A4C9F00BB4B05 /* AppDelegate.m */; };
		BDAF14471D0A4C9F00BB4B05 /* ViewController.m in Sources */ = {isa = PBXBuildFile; fileRef = BDAF14461D0A4C9F00BB4B05 /* ViewController.m */; };
		BDAF144A1D0A4C9F00BB4B05 /* Main.storyboard in Resources */ = {isa = PBXBuildFile; fileRef = BDAF14481D0A4C9F00BB4B05 /* Main.storyboard */; };
		BDAF144C1D0A4C9F00BB4B05 /* Assets.xcassets in Resources */ = {isa = PBXBuildFile; fileRef = BDAF144B1D0A4C9F00BB4B05 /* Assets.xcassets */; };
		BDAF144F1D0A4C9F00BB4B05 /* LaunchScreen.storyboard in Resources */ = {isa = PBXBuildFile; fileRef = BDAF144D1D0A4C9F00BB4B05 /* LaunchScreen.storyboard */; };
/* End PBXBuildFile section */

/* Begin PBXFileReference section */
		BDAF143C1D0A4C9F00BB4B05 /* TableViewTest.app */ = {isa = PBXFileReference; explicitFileType = wrapper.application; includeInIndex = 0; path = TableViewTest.app; sourceTree = BUILT_PRODUCTS_DIR; };
		BDAF14401D0A4C9F00BB4B05 /* main.m */ = {isa = PBXFileReference; lastKnownFileType = sourcecode.c.objc; path = main.m; sourceTree = "<group>"; };
		BDAF14421D0A4C9F00BB4B05 /* AppDelegate.h */ = {isa = PBXFileReference; lastKnownFileType = sourcecode.c.h; path = AppDelegate.h; sourceTree = "<group>"; };
		BDAF14431D0A4C9F00BB4B05 /* AppDelegate.m */ = {isa = PBXFileReference; lastKnownFileType = sourcecode.c.objc; path = AppDelegate.m; sourceTree = "<group>"; };
		BDAF14451D0A4C9F00BB4B05 /* ViewController.h */ = {isa = PBXFileReference; lastKnownFileType = sourcecode.c.h; path = ViewController.h; sourceTree = "<group>"; };
		BDAF14461D0A4C9F00BB4B05 /* ViewController.m */ = {isa = PBXFileReference; lastKnownFileType = sourcecode.c.objc; path = ViewController.m; sourceTree = "<group>"; };
		BDAF14491D0A4C9F00BB4B05 /* Base */ = {isa = PBXFileReference; lastKnownFileType = file.storyboard; name = Base; path = Base.lproj/Main.storyboard; sourceTree = "<group>"; };
		BDAF144B1D0A4C9F00BB4B05 /* Assets.xcassets */ = {isa = PBXFileReference; lastKnownFileType = folder.assetcatalog; path = Assets.xcassets; sourceTree = "<group>"; };
		BDAF144E1D0A4C9F00BB4B05 /* Base */ = {isa = PBXFileReference; lastKnownFileType = file.storyboard; name = Base; path = Base.lproj/LaunchScreen.storyboard; sourceTree = "<group>"; };
		BDAF14501D0A4C9F00BB4B05 /* Info.plist */ = {isa = PBXFileReference; lastKnownFileType = text.plist.xml; path = Info.plist; sourceTree = "<group>"; };
/* End PBXFileReference section */

/* Begin PBXFrameworksBuildPhase section */
		BDAF14391D0A4C9F00BB4B05 /* Frameworks */ = {
			isa = PBXFrameworksBuildPhase;
			buildActionMask = 2147483647;
			files = (
			);
			runOnlyForDeploymentPostprocessing = 0;
		};
/* End PBXFrameworksBuildPhase section */

/* Begin PBXGroup section */
		BDAF14331D0A4C9F00BB4B05 = {
			isa = PBXGroup;
			children = (
				BDAF143E1D0A4C9F00BB4B05 /* TableViewTest */,
				BDAF143D1D0A4C9F00BB4B05 /* Products */,
			);
			sourceTree = "<group>";
		};
		BDAF143D1D0A4C9F00BB4B05 /* Products */ = {
			isa = PBXGroup;
			children = (
				BDAF143C1D0A4C9F00BB4B05 /* TableViewTest.app */,
			);
			name = Products;
			sourceTree = "<group>";
		};
		BDAF143E1D0A4C9F00BB4B05 /* TableViewTest */ = {
			isa = PBXGroup;
			children = (
				BDAF14421D0A4C9F00BB4B05 /* AppDelegate.h */,
				BDAF14431D0A4C9F00BB4B05 /* AppDelegate.m */,
				BDAF14451D0A4C9F00BB4B05 /* ViewController.h */,
				BDAF14461D0A4C9F00BB4B05 /* ViewController.m */,
				BDAF14481D0A4C9F00BB4B05 /* Main.storyboard */,
				BDAF144B1D0A4C9F00BB4B05 /* Assets.xcassets */,
				BDAF144D1D0A4C9F00BB4B05 /* LaunchScreen.storyboard */,
				BDAF14501D0A4C9F00BB4B05 /* Info.plist */,
				BDAF143F1D0A4C9F00BB4B05 /* Supporting Files */,
			);
			path = TableViewTest;
			sourceTree = "<group>";
		};
		BDAF143F1D0A4C9F00BB4B05 /* Supporting Files */ = {
			isa = PBXGroup;
			children = (
				BDAF14401D0A4C9F00BB4B05 /* main.m */,
			);
			name = "Supporting Files";
			sourceTree = "<group>";
		};
/* End PBXGroup section */

/* Begin PBXNativeTarget section */
		BDAF143B1D0A4C9F00BB4B05 /* TableViewTest */ = {
			isa = PBXNativeTarget;
			buildConfigurationList = BDAF14531D0A4C9F00BB4B05 /* Build configuration list for PBXNativeTarget "TableViewTest" */;
			buildPhases = (
				BDAF14381D0A4C9F00BB4B05 /* Sources */,
				BDAF14391D0A4C9F00BB4B05 /* Frameworks */,
				BDAF143A1D0A4C9F00BB4B05 /* Resources */,
			);
			buildRules = (
			);
			dependencies = (
			);
			name = TableViewTest;
			productName = TableViewTest;
			productReference = BDAF143C1D0A4C9F00BB4B05 /* TableViewTest.app */;
			productType = "com.apple.product-type.application";
		};
/* End PBXNativeTarget section */

/* Begin PBXProject section */
		BDAF14341D0A4C9F00BB4B05 /* Project object */ = {
			isa = PBXProject;
			attributes = {
				LastUpgradeCheck = 0730;
				ORGANIZATIONNAME = "Bharath G M";
				TargetAttributes = {
					BDAF143B1D0A4C9F00BB4B05 = {
						CreatedOnToolsVersion = 7.3;
					};
				};
			};
			buildConfigurationList = BDAF14371D0A4C9F00BB4B05 /* Build configuration list for PBXProject "TableViewTest" */;
			compatibilityVersion = "Xcode 3.2";
			developmentRegion = English;
			hasScannedForEncodings = 0;
			knownRegions = (
				en,
				Base,
			);
			mainGroup = BDAF14331D0A4C9F00BB4B05;
			productRefGroup = BDAF143D1D0A4C9F00BB4B05 /* Products */;
			projectDirPath = "";
			projectRoot = "";
			targets = (
				BDAF143B1D0A4C9F00BB4B05 /* TableViewTest */,
			);
		};
/* End PBXProject section */

/* Begin PBXResourcesBuildPhase section */
		BDAF143A1D0A4C9F00BB4B05 /* Resources */ = {
			isa = PBXResourcesBuildPhase;
			buildActionMask = 2147483647;
			files = (
				BDAF144F1D0A4C9F00BB4B05 /* LaunchScreen.storyboard in Resources */,
				BDAF144C1D0A4C9F00BB4B05 /* Assets.xcassets in Resources */,
				BDAF144A1D0A4C9F00BB4B05 /* Main.storyboard in Resources */,
			);
			runOnlyForDeploymentPostprocessing = 0;
		};
/* End PBXResourcesBuildPhase section */

/* Begin PBXSourcesBuildPhase section */
		BDAF14381D0A4C9F00BB4B05 /* Sources */ = {
			isa = PBXSourcesBuildPhase;
			buildActionMask = 2147483647;
			files = (
				BDAF14471D0A4C9F00BB4B05 /* ViewController.m in Sources */,
				BDAF14441D0A4C9F00BB4B05 /* AppDelegate.m in Sources */,
				BDAF14411D0A4C9F00BB4B05 /* main.m in Sources */,
			);
			runOnlyForDeploymentPostprocessing = 0;
		};
/* End PBXSourcesBuildPhase section */

/* Begin PBXVariantGroup section */
		BDAF14481D0A4C9F00BB4B05 /* Main.storyboard */ = {
			isa = PBXVariantGroup;
			children = (
				BDAF14491D0A4C9F00BB4B05 /* Base */,
			);
			name = Main.storyboard;
			sourceTree = "<group>";
		};
		BDAF144D1D0A4C9F00BB4B05 /* LaunchScreen.storyboard */ = {
			isa = PBXVariantGroup;
			children = (
				BDAF144E1D0A4C9F00BB4B05 /* Base */,
			);
			name = LaunchScreen.storyboard;
			sourceTree = "<group>";
		};
/* End PBXVariantGroup section */

/* Begin XCBuildConfiguration section */
		BDAF14511D0A4C9F00BB4B05 /* Debug */ = {
			isa = XCBuildConfiguration;
			buildSettings = {
				ALWAYS_SEARCH_USER_PATHS = NO;
				CLANG_ANALYZER_NONNULL = YES;
				CLANG_CXX_LANGUAGE_STANDARD = "gnu++0x";
				CLANG_CXX_LIBRARY = "libc++";
				CLANG_ENABLE_MODULES = YES;
				CLANG_ENABLE_OBJC_ARC = YES;
				CLANG_WARN_BOOL_CONVERSION = YES;
				CLANG_WARN_CONSTANT_CONVERSION = YES;
				CLANG_WARN_DIRECT_OBJC_ISA_USAGE = YES_ERROR;
				CLANG_WARN_EMPTY_BODY = YES;
				CLANG_WARN_ENUM_CONVERSION = YES;
				CLANG_WARN_INT_CONVERSION = YES;
				CLANG_WARN_OBJC_ROOT_CLASS = YES_ERROR;
				CLANG_WARN_UNREACHABLE_CODE = YES;
				CLANG_WARN__DUPLICATE_METHOD_MATCH = YES;
				"CODE_SIGN_IDENTITY[sdk=iphoneos*]" = "iPhone Developer";
				COPY_PHASE_STRIP = NO;
				DEBUG_INFORMATION_FORMAT = dwarf;
				ENABLE_STRICT_OBJC_MSGSEND = YES;
				ENABLE_TESTABILITY = YES;
				GCC_C_LANGUAGE_STANDARD = gnu99;
				GCC_DYNAMIC_NO_PIC = NO;
				GCC_NO_COMMON_BLOCKS = YES;
				GCC_OPTIMIZATION_LEVEL = 0;
				GCC_PREPROCESSOR_DEFINITIONS = (
					"DEBUG=1",
					"$(inherited)",
				);
				GCC_WARN_64_TO_32_BIT_CONVERSION = YES;
				GCC_WARN_ABOUT_RETURN_TYPE = YES_ERROR;
				GCC_WARN_UNDECLARED_SELECTOR = YES;
				GCC_WARN_UNINITIALIZED_AUTOS = YES_AGGRESSIVE;
				GCC_WARN_UNUSED_FUNCTION = YES;
				GCC_WARN_UNUSED_VARIABLE = YES;
				IPHONEOS_DEPLOYMENT_TARGET = 9.3;
				MTL_ENABLE_DEBUG_INFO = YES;
				ONLY_ACTIVE_ARCH = YES;
				SDKROOT = iphoneos;
			};
			name = Debug;
		};
		BDAF14521D0A4C9F00BB4B05 /* Release */ = {
			isa = XCBuildConfiguration;
			buildSettings = {
				ALWAYS_SEARCH_USER_PATHS = NO;
				CLANG_ANALYZER_NONNULL = YES;
				CLANG_CXX_LANGUAGE_STANDARD = "gnu++0x";
				CLANG_CXX_LIBRARY = "libc++";
				CLANG_ENABLE_MODULES = YES;
				CLANG_ENABLE_OBJC_ARC = YES;
				CLANG_WARN_BOOL_CONVERSION = YES;
				CLANG_WARN_CONSTANT_CONVERSION = YES;
				CLANG_WARN_DIRECT_OBJC_ISA_USAGE = YES_ERROR;
				CLANG_WARN_EMPTY_BODY = YES;
				CLANG_WARN_ENUM_CONVERSION = YES;
				CLANG_WARN_INT_CONVERSION = YES;
				CLANG_WARN_OBJC_ROOT_CLASS = YES_ERROR;
				CLANG_WARN_UNREACHABLE_CODE = YES;
				CLANG_WARN__DUPLICATE_METHOD_MATCH = YES;
				"CODE_SIGN_IDENTITY[sdk=iphoneos*]" = "iPhone Developer";
				COPY_PHASE_STRIP = NO;
				DEBUG_INFORMATION_FORMAT = "dwarf-with-dsym";
				ENABLE_NS_ASSERTIONS = NO;
				ENABLE_STRICT_OBJC_MSGSEND = YES;
				GCC_C_LANGUAGE_STANDARD = gnu99;
				GCC_NO_COMMON_BLOCKS = YES;
				GCC_WARN_64_TO_32_BIT_CONVERSION = YES;
				GCC_WARN_ABOUT_RETURN_TYPE = YES_ERROR;
				GCC_WARN_UNDECLARED_SELECTOR = YES;
				GCC_WARN_UNINITIALIZED_AUTOS = YES_AGGRESSIVE;
				GCC_WARN_UNUSED_FUNCTION = YES;
				GCC_WARN_UNUSED_VARIABLE = YES;
				IPHONEOS_DEPLOYMENT_TARGET = 9.3;
				MTL_ENABLE_DEBUG_INFO = NO;
				SDKROOT = iphoneos;
				VALIDATE_PRODUCT = YES;
			};
			name = Release;
		};
		BDAF14541D0A4C9F00BB4B05 /* Debug */ = {
			isa = XCBuildConfiguration;
			buildSettings = {
				ASSETCATALOG_COMPILER_APPICON_NAME = AppIcon;
				INFOPLIST_FILE = TableViewTest/Info.plist;
				LD_RUNPATH_SEARCH_PATHS = "$(inherited) @executable_path/Frameworks";
				PRODUCT_BUNDLE_IDENTIFIER = com.sstsoftware.com.TableViewTest;
				PRODUCT_NAME = "$(TARGET_NAME)";
			};
			name = Debug;
		};
		BDAF14551D0A4C9F00BB4B05 /* Release */ = {
			isa = XCBuildConfiguration;
			buildSettings = {
				ASSETCATALOG_COMPILER_APPICON_NAME = AppIcon;
				INFOPLIST_FILE = TableViewTest/Info.plist;
				LD_RUNPATH_SEARCH_PATHS = "$(inherited) @executable_path/Frameworks";
				PRODUCT_BUNDLE_IDENTIFIER = com.sstsoftware.com.TableViewTest;
				PRODUCT_NAME = "$(TARGET_NAME)";
			};
			name = Release;
		};
/* End XCBuildConfiguration section */

/* Begin XCConfigurationList section */
		BDAF14371D0A4C9F00BB4B05 /* Build configuration list for PBXProject "TableViewTest" */ = {
			isa = XCConfigurationList;
			buildConfigurations = (
				BDAF14511D0A4C9F00BB4B05 /* Debug */,
				BDAF14521D0A4C9F00BB4B05 /* Release */,
			);
			defaultConfigurationIsVisible = 0;
			defaultConfigurationName = Release;
		};
		BDAF14531D0A4C9F00BB4B05 /* Build configuration list for PBXNativeTarget "TableViewTest" */ = {
			isa = XCConfigurationList;
			buildConfigurations = (
				BDAF14541D0A4C9F00BB4B05 /* Debug */,
				BDAF14551D0A4C9F00BB4B05 /* Release */,
			);
			defaultConfigurationIsVisible = 0;
		};
/* End XCConfigurationList section */
	};
	rootObject = BDAF14341D0A4C9F00BB4B05 /* Project object */;
}
