// !$*UTF8*$!
{
	archiveVersion = 1;
	classes = {
	};
	objectVersion = 46;
	objects = {

/* Begin PBXBuildFile section */
		BDF5D6ED1C9DDCD100635BCA /* main.c in Sources */ = {isa = PBXBuildFile; fileRef = BDF5D6EC1C9DDCD100635BCA /* main.c */; };
/* End PBXBuildFile section */

/* Begin PBXCopyFilesBuildPhase section */
		BDF5D6E71C9DDCD000635BCA /* CopyFiles */ = {
			isa = PBXCopyFilesBuildPhase;
			buildActionMask = 2147483647;
			dstPath = /usr/share/man/man1/;
			dstSubfolderSpec = 0;
			files = (
			);
			runOnlyForDeploymentPostprocessing = 1;
		};
/* End PBXCopyFilesBuildPhase section */

/* Begin PBXFileReference section */
		BDF5D6E91C9DDCD100635BCA /* MaximumRepeatingNo */ = {isa = PBXFileReference; explicitFileType = "compiled.mach-o.executable"; includeInIndex = 0; path = MaximumRepeatingNo; sourceTree = BUILT_PRODUCTS_DIR; };
		BDF5D6EC1C9DDCD100635BCA /* main.c */ = {isa = PBXFileReference; lastKnownFileType = sourcecode.c.c; path = main.c; sourceTree = "<group>"; };
/* End PBXFileReference section */

/* Begin PBXFrameworksBuildPhase section */
		BDF5D6E61C9DDCD000635BCA /* Frameworks */ = {
			isa = PBXFrameworksBuildPhase;
			buildActionMask = 2147483647;
			files = (
			);
			runOnlyForDeploymentPostprocessing = 0;
		};
/* End PBXFrameworksBuildPhase section */

/* Begin PBXGroup section */
		BDF5D6E01C9DDCD000635BCA = {
			isa = PBXGroup;
			children = (
				BDF5D6EB1C9DDCD100635BCA /* MaximumRepeatingNo */,
				BDF5D6EA1C9DDCD100635BCA /* Products */,
			);
			sourceTree = "<group>";
		};
		BDF5D6EA1C9DDCD100635BCA /* Products */ = {
			isa = PBXGroup;
			children = (
				BDF5D6E91C9DDCD100635BCA /* MaximumRepeatingNo */,
			);
			name = Products;
			sourceTree = "<group>";
		};
		BDF5D6EB1C9DDCD100635BCA /* MaximumRepeatingNo */ = {
			isa = PBXGroup;
			children = (
				BDF5D6EC1C9DDCD100635BCA /* main.c */,
			);
			path = MaximumRepeatingNo;
			sourceTree = "<group>";
		};
/* End PBXGroup section */

/* Begin PBXNativeTarget section */
		BDF5D6E81C9DDCD000635BCA /* MaximumRepeatingNo */ = {
			isa = PBXNativeTarget;
			buildConfigurationList = BDF5D6F01C9DDCD100635BCA /* Build configuration list for PBXNativeTarget "MaximumRepeatingNo" */;
			buildPhases = (
				BDF5D6E51C9DDCD000635BCA /* Sources */,
				BDF5D6E61C9DDCD000635BCA /* Frameworks */,
				BDF5D6E71C9DDCD000635BCA /* CopyFiles */,
			);
			buildRules = (
			);
			dependencies = (
			);
			name = MaximumRepeatingNo;
			productName = MaximumRepeatingNo;
			productReference = BDF5D6E91C9DDCD100635BCA /* MaximumRepeatingNo */;
			productType = "com.apple.product-type.tool";
		};
/* End PBXNativeTarget section */

/* Begin PBXProject section */
		BDF5D6E11C9DDCD000635BCA /* Project object */ = {
			isa = PBXProject;
			attributes = {
				LastUpgradeCheck = 0720;
				ORGANIZATIONNAME = "Bharath G M";
				TargetAttributes = {
					BDF5D6E81C9DDCD000635BCA = {
						CreatedOnToolsVersion = 7.2.1;
					};
				};
			};
			buildConfigurationList = BDF5D6E41C9DDCD000635BCA /* Build configuration list for PBXProject "MaximumRepeatingNo" */;
			compatibilityVersion = "Xcode 3.2";
			developmentRegion = English;
			hasScannedForEncodings = 0;
			knownRegions = (
				en,
			);
			mainGroup = BDF5D6E01C9DDCD000635BCA;
			productRefGroup = BDF5D6EA1C9DDCD100635BCA /* Products */;
			projectDirPath = "";
			projectRoot = "";
			targets = (
				BDF5D6E81C9DDCD000635BCA /* MaximumRepeatingNo */,
			);
		};
/* End PBXProject section */

/* Begin PBXSourcesBuildPhase section */
		BDF5D6E51C9DDCD000635BCA /* Sources */ = {
			isa = PBXSourcesBuildPhase;
			buildActionMask = 2147483647;
			files = (
				BDF5D6ED1C9DDCD100635BCA /* main.c in Sources */,
			);
			runOnlyForDeploymentPostprocessing = 0;
		};
/* End PBXSourcesBuildPhase section */

/* Begin XCBuildConfiguration section */
		BDF5D6EE1C9DDCD100635BCA /* Debug */ = {
			isa = XCBuildConfiguration;
			buildSettings = {
				ALWAYS_SEARCH_USER_PATHS = NO;
				CLANG_CXX_LANGUAGE_STANDARD = "gnu++0x";
				CLANG_CXX_LIBRARY = "libc++";
				CLANG_ENABLE_MODULES = YES;
				CLANG_ENABLE_OBJC_ARC = YES;
				CLANG_WARN_BOOL_CONVERSION = YES;
				CLANG_WARN_CONSTANT_CONVERSION = YES;
				CLANG_WARN_DIRECT_OBJC_ISA_USAGE = YES_ERROR;
				CLANG_WARN_EMPTY_BODY = YES;
				CLANG_WARN_ENUM_CONVERSION = YES;
				CLANG_WARN_INT_CONVERSION = YES;
				CLANG_WARN_OBJC_ROOT_CLASS = YES_ERROR;
				CLANG_WARN_UNREACHABLE_CODE = YES;
				CLANG_WARN__DUPLICATE_METHOD_MATCH = YES;
				CODE_SIGN_IDENTITY = "-";
				COPY_PHASE_STRIP = NO;
				DEBUG_INFORMATION_FORMAT = dwarf;
				ENABLE_STRICT_OBJC_MSGSEND = YES;
				ENABLE_TESTABILITY = YES;
				GCC_C_LANGUAGE_STANDARD = gnu99;
				GCC_DYNAMIC_NO_PIC = NO;
				GCC_NO_COMMON_BLOCKS = YES;
				GCC_OPTIMIZATION_LEVEL = 0;
				GCC_PREPROCESSOR_DEFINITIONS = (
					"DEBUG=1",
					"$(inherited)",
				);
				GCC_WARN_64_TO_32_BIT_CONVERSION = YES;
				GCC_WARN_ABOUT_RETURN_TYPE = YES_ERROR;
				GCC_WARN_UNDECLARED_SELECTOR = YES;
				GCC_WARN_UNINITIALIZED_AUTOS = YES_AGGRESSIVE;
				GCC_WARN_UNUSED_FUNCTION = YES;
				GCC_WARN_UNUSED_VARIABLE = YES;
				MACOSX_DEPLOYMENT_TARGET = 10.11;
				MTL_ENABLE_DEBUG_INFO = YES;
				ONLY_ACTIVE_ARCH = YES;
				SDKROOT = macosx;
			};
			name = Debug;
		};
		BDF5D6EF1C9DDCD100635BCA /* Release */ = {
			isa = XCBuildConfiguration;
			buildSettings = {
				ALWAYS_SEARCH_USER_PATHS = NO;
				CLANG_CXX_LANGUAGE_STANDARD = "gnu++0x";
				CLANG_CXX_LIBRARY = "libc++";
				CLANG_ENABLE_MODULES = YES;
				CLANG_ENABLE_OBJC_ARC = YES;
				CLANG_WARN_BOOL_CONVERSION = YES;
				CLANG_WARN_CONSTANT_CONVERSION = YES;
				CLANG_WARN_DIRECT_OBJC_ISA_USAGE = YES_ERROR;
				CLANG_WARN_EMPTY_BODY = YES;
				CLANG_WARN_ENUM_CONVERSION = YES;
				CLANG_WARN_INT_CONVERSION = YES;
				CLANG_WARN_OBJC_ROOT_CLASS = YES_ERROR;
				CLANG_WARN_UNREACHABLE_CODE = YES;
				CLANG_WARN__DUPLICATE_METHOD_MATCH = YES;
				CODE_SIGN_IDENTITY = "-";
				COPY_PHASE_STRIP = NO;
				DEBUG_INFORMATION_FORMAT = "dwarf-with-dsym";
				ENABLE_NS_ASSERTIONS = NO;
				ENABLE_STRICT_OBJC_MSGSEND = YES;
				GCC_C_LANGUAGE_STANDARD = gnu99;
				GCC_NO_COMMON_BLOCKS = YES;
				GCC_WARN_64_TO_32_BIT_CONVERSION = YES;
				GCC_WARN_ABOUT_RETURN_TYPE = YES_ERROR;
				GCC_WARN_UNDECLARED_SELECTOR = YES;
				GCC_WARN_UNINITIALIZED_AUTOS = YES_AGGRESSIVE;
				GCC_WARN_UNUSED_FUNCTION = YES;
				GCC_WARN_UNUSED_VARIABLE = YES;
				MACOSX_DEPLOYMENT_TARGET = 10.11;
				MTL_ENABLE_DEBUG_INFO = NO;
				SDKROOT = macosx;
			};
			name = Release;
		};
		BDF5D6F11C9DDCD100635BCA /* Debug */ = {
			isa = XCBuildConfiguration;
			buildSettings = {
				PRODUCT_NAME = "$(TARGET_NAME)";
			};
			name = Debug;
		};
		BDF5D6F21C9DDCD100635BCA /* Release */ = {
			isa = XCBuildConfiguration;
			buildSettings = {
				PRODUCT_NAME = "$(TARGET_NAME)";
			};
			name = Release;
		};
/* End XCBuildConfiguration section */

/* Begin XCConfigurationList section */
		BDF5D6E41C9DDCD000635BCA /* Build configuration list for PBXProject "MaximumRepeatingNo" */ = {
			isa = XCConfigurationList;
			buildConfigurations = (
				BDF5D6EE1C9DDCD100635BCA /* Debug */,
				BDF5D6EF1C9DDCD100635BCA /* Release */,
			);
			defaultConfigurationIsVisible = 0;
			defaultConfigurationName = Release;
		};
		BDF5D6F01C9DDCD100635BCA /* Build configuration list for PBXNativeTarget "MaximumRepeatingNo" */ = {
			isa = XCConfigurationList;
			buildConfigurations = (
				BDF5D6F11C9DDCD100635BCA /* Debug */,
				BDF5D6F21C9DDCD100635BCA /* Release */,
			);
			defaultConfigurationIsVisible = 0;
		};
/* End XCConfigurationList section */
	};
	rootObject = BDF5D6E11C9DDCD000635BCA /* Project object */;
}
